# This file is generated by running "yarn install" inside your project.
# Manual changes might be lost - proceed with caution!

__metadata:
  version: 5
  cacheKey: 8

"dateformat@npm:2.0.0":
  version: 2.0.0
  resolution: "dateformat@npm:2.0.0"
  checksum: 29f52840c0f1cac6af225dd9045e3c24238733a9259c7fe094d9fbea53573943aef82e4393e9e5f81bc6cb5486e6470377e5eec23ad5a5b1a8a4ca09fd4f9e89
  languageName: node
  linkType: hard

"graphlib@npm:2.1.1":
  version: 2.1.1
  resolution: "graphlib@npm:2.1.1"
  dependencies:
    lodash: ^4.11.1
  checksum: a3436fe0c8f9daff44a16ea763650d4834abfd8797623c16e40916b8f4a8ef6f0beaad41a7d85813483c36bd9c16f5d365b811698b9a3888cfb260bfbdcd3352
  languageName: node
  linkType: hard

"lodash@npm:4.17.4":
  version: 4.17.4
  resolution: "lodash@npm:4.17.4"
  checksum: 5fbe7d7c79cd11830d3a827e9eaae688778bc9c7f719207c5fb1fed9b1e60766e50904832990f0fd087b81fe207e944c80b12df5330d00b2f4d5b9ebc7bb1f18
  languageName: node
  linkType: hard

"lodash@npm:^4.11.1":
  version: 4.17.21
  resolution: "lodash@npm:4.17.21"
  checksum: eb835a2e51d381e561e508ce932ea50a8e5a68f4ebdd771ea240d3048244a8d13658acbd502cd4829768c56f2e16bdd4340b9ea141297d472517b83868e677f7
  languageName: node
  linkType: hard

"yarn-hassan@workspace:.":
  version: 0.0.0-use.local
  resolution: "yarn-hassan@workspace:."
  dependencies:
    dateformat: 2.0.0
    graphlib: 2.1.1
    lodash: 4.17.4
  languageName: unknown
  linkType: soft
